// !$*UTF8*$!
{
	archiveVersion = 1;
	classes = {
	};
	objectVersion = 46;
	objects = {

/* Begin PBXBuildFile section */
		D2EC02551E4D64C800CF18BB /* AppDelegate.swift in Sources */ = {isa = PBXBuildFile; fileRef = D2EC02541E4D64C800CF18BB /* AppDelegate.swift */; };
		D2EC02571E4D64C800CF18BB /* ViewController.swift in Sources */ = {isa = PBXBuildFile; fileRef = D2EC02561E4D64C800CF18BB /* ViewController.swift */; };
		D2EC025A1E4D64C800CF18BB /* Main.storyboard in Resources */ = {isa = PBXBuildFile; fileRef = D2EC02581E4D64C800CF18BB /* Main.storyboard */; };
		D2EC025C1E4D64C800CF18BB /* Assets.xcassets in Resources */ = {isa = PBXBuildFile; fileRef = D2EC025B1E4D64C800CF18BB /* Assets.xcassets */; };
		D2EC025F1E4D64C800CF18BB /* LaunchScreen.storyboard in Resources */ = {isa = PBXBuildFile; fileRef = D2EC025D1E4D64C800CF18BB /* LaunchScreen.storyboard */; };
		D2EC026A1E4D64C800CF18BB /* Swift_AppTests.swift in Sources */ = {isa = PBXBuildFile; fileRef = D2EC02691E4D64C800CF18BB /* Swift_AppTests.swift */; };
		D2EC02751E4D64C800CF18BB /* Swift_AppUITests.swift in Sources */ = {isa = PBXBuildFile; fileRef = D2EC02741E4D64C800CF18BB /* Swift_AppUITests.swift */; };
/* End PBXBuildFile section */

/* Begin PBXContainerItemProxy section */
		D2EC02661E4D64C800CF18BB /* PBXContainerItemProxy */ = {
			isa = PBXContainerItemProxy;
			containerPortal = D2EC02491E4D64C800CF18BB /* Project object */;
			proxyType = 1;
			remoteGlobalIDString = D2EC02501E4D64C800CF18BB;
			remoteInfo = "Swift App";
		};
		D2EC02711E4D64C800CF18BB /* PBXContainerItemProxy */ = {
			isa = PBXContainerItemProxy;
			containerPortal = D2EC02491E4D64C800CF18BB /* Project object */;
			proxyType = 1;
			remoteGlobalIDString = D2EC02501E4D64C800CF18BB;
			remoteInfo = "Swift App";
		};
/* End PBXContainerItemProxy section */

/* Begin PBXFileReference section */
		D2EC02511E4D64C800CF18BB /* Swift App.app */ = {isa = PBXFileReference; explicitFileType = wrapper.application; includeInIndex = 0; path = "Swift App.app"; sourceTree = BUILT_PRODUCTS_DIR; };
		D2EC02541E4D64C800CF18BB /* AppDelegate.swift */ = {isa = PBXFileReference; lastKnownFileType = sourcecode.swift; path = AppDelegate.swift; sourceTree = "<group>"; };
		D2EC02561E4D64C800CF18BB /* ViewController.swift */ = {isa = PBXFileReference; lastKnownFileType = sourcecode.swift; path = ViewController.swift; sourceTree = "<group>"; };
		D2EC02591E4D64C800CF18BB /* Base */ = {isa = PBXFileReference; lastKnownFileType = file.storyboard; name = Base; path = Base.lproj/Main.storyboard; sourceTree = "<group>"; };
		D2EC025B1E4D64C800CF18BB /* Assets.xcassets */ = {isa = PBXFileReference; lastKnownFileType = folder.assetcatalog; path = Assets.xcassets; sourceTree = "<group>"; };
		D2EC025E1E4D64C800CF18BB /* Base */ = {isa = PBXFileReference; lastKnownFileType = file.storyboard; name = Base; path = Base.lproj/LaunchScreen.storyboard; sourceTree = "<group>"; };
		D2EC02601E4D64C800CF18BB /* Info.plist */ = {isa = PBXFileReference; lastKnownFileType = text.plist.xml; path = Info.plist; sourceTree = "<group>"; };
		D2EC02651E4D64C800CF18BB /* Swift AppTests.xctest */ = {isa = PBXFileReference; explicitFileType = wrapper.cfbundle; includeInIndex = 0; path = "Swift AppTests.xctest"; sourceTree = BUILT_PRODUCTS_DIR; };
		D2EC02691E4D64C800CF18BB /* Swift_AppTests.swift */ = {isa = PBXFileReference; lastKnownFileType = sourcecode.swift; path = Swift_AppTests.swift; sourceTree = "<group>"; };
		D2EC026B1E4D64C800CF18BB /* Info.plist */ = {isa = PBXFileReference; lastKnownFileType = text.plist.xml; path = Info.plist; sourceTree = "<group>"; };
		D2EC02701E4D64C800CF18BB /* Swift AppUITests.xctest */ = {isa = PBXFileReference; explicitFileType = wrapper.cfbundle; includeInIndex = 0; path = "Swift AppUITests.xctest"; sourceTree = BUILT_PRODUCTS_DIR; };
		D2EC02741E4D64C800CF18BB /* Swift_AppUITests.swift */ = {isa = PBXFileReference; lastKnownFileType = sourcecode.swift; path = Swift_AppUITests.swift; sourceTree = "<group>"; };
		D2EC02761E4D64C800CF18BB /* Info.plist */ = {isa = PBXFileReference; lastKnownFileType = text.plist.xml; path = Info.plist; sourceTree = "<group>"; };
/* End PBXFileReference section */

/* Begin PBXFrameworksBuildPhase section */
		D2EC024E1E4D64C800CF18BB /* Frameworks */ = {
			isa = PBXFrameworksBuildPhase;
			buildActionMask = 2147483647;
			files = (
			);
			runOnlyForDeploymentPostprocessing = 0;
		};
		D2EC02621E4D64C800CF18BB /* Frameworks */ = {
			isa = PBXFrameworksBuildPhase;
			buildActionMask = 2147483647;
			files = (
			);
			runOnlyForDeploymentPostprocessing = 0;
		};
		D2EC026D1E4D64C800CF18BB /* Frameworks */ = {
			isa = PBXFrameworksBuildPhase;
			buildActionMask = 2147483647;
			files = (
			);
			runOnlyForDeploymentPostprocessing = 0;
		};
/* End PBXFrameworksBuildPhase section */

/* Begin PBXGroup section */
		D2EC02481E4D64C800CF18BB = {
			isa = PBXGroup;
			children = (
				D2EC02531E4D64C800CF18BB /* Swift App */,
				D2EC02681E4D64C800CF18BB /* Swift AppTests */,
				D2EC02731E4D64C800CF18BB /* Swift AppUITests */,
				D2EC02521E4D64C800CF18BB /* Products */,
			);
			sourceTree = "<group>";
		};
		D2EC02521E4D64C800CF18BB /* Products */ = {
			isa = PBXGroup;
			children = (
				D2EC02511E4D64C800CF18BB /* Swift App.app */,
				D2EC02651E4D64C800CF18BB /* Swift AppTests.xctest */,
				D2EC02701E4D64C800CF18BB /* Swift AppUITests.xctest */,
			);
			name = Products;
			sourceTree = "<group>";
		};
		D2EC02531E4D64C800CF18BB /* Swift App */ = {
			isa = PBXGroup;
			children = (
				D2EC02541E4D64C800CF18BB /* AppDelegate.swift */,
				D2EC02561E4D64C800CF18BB /* ViewController.swift */,
				D2EC02581E4D64C800CF18BB /* Main.storyboard */,
				D2EC025B1E4D64C800CF18BB /* Assets.xcassets */,
				D2EC025D1E4D64C800CF18BB /* LaunchScreen.storyboard */,
				D2EC02601E4D64C800CF18BB /* Info.plist */,
			);
			path = "Swift App";
			sourceTree = "<group>";
		};
		D2EC02681E4D64C800CF18BB /* Swift AppTests */ = {
			isa = PBXGroup;
			children = (
				D2EC02691E4D64C800CF18BB /* Swift_AppTests.swift */,
				D2EC026B1E4D64C800CF18BB /* Info.plist */,
			);
			path = "Swift AppTests";
			sourceTree = "<group>";
		};
		D2EC02731E4D64C800CF18BB /* Swift AppUITests */ = {
			isa = PBXGroup;
			children = (
				D2EC02741E4D64C800CF18BB /* Swift_AppUITests.swift */,
				D2EC02761E4D64C800CF18BB /* Info.plist */,
			);
			path = "Swift AppUITests";
			sourceTree = "<group>";
		};
/* End PBXGroup section */

/* Begin PBXNativeTarget section */
		D2EC02501E4D64C800CF18BB /* Swift App */ = {
			isa = PBXNativeTarget;
			buildConfigurationList = D2EC02791E4D64C800CF18BB /* Build configuration list for PBXNativeTarget "Swift App" */;
			buildPhases = (
				D2EC024D1E4D64C800CF18BB /* Sources */,
				D2EC024E1E4D64C800CF18BB /* Frameworks */,
				D2EC024F1E4D64C800CF18BB /* Resources */,
			);
			buildRules = (
			);
			dependencies = (
			);
			name = "Swift App";
			productName = "Swift App";
			productReference = D2EC02511E4D64C800CF18BB /* Swift App.app */;
			productType = "com.apple.product-type.application";
		};
		D2EC02641E4D64C800CF18BB /* Swift AppTests */ = {
			isa = PBXNativeTarget;
			buildConfigurationList = D2EC027C1E4D64C800CF18BB /* Build configuration list for PBXNativeTarget "Swift AppTests" */;
			buildPhases = (
				D2EC02611E4D64C800CF18BB /* Sources */,
				D2EC02621E4D64C800CF18BB /* Frameworks */,
				D2EC02631E4D64C800CF18BB /* Resources */,
			);
			buildRules = (
			);
			dependencies = (
				D2EC02671E4D64C800CF18BB /* PBXTargetDependency */,
			);
			name = "Swift AppTests";
			productName = "Swift AppTests";
			productReference = D2EC02651E4D64C800CF18BB /* Swift AppTests.xctest */;
			productType = "com.apple.product-type.bundle.unit-test";
		};
		D2EC026F1E4D64C800CF18BB /* Swift AppUITests */ = {
			isa = PBXNativeTarget;
			buildConfigurationList = D2EC027F1E4D64C800CF18BB /* Build configuration list for PBXNativeTarget "Swift AppUITests" */;
			buildPhases = (
				D2EC026C1E4D64C800CF18BB /* Sources */,
				D2EC026D1E4D64C800CF18BB /* Frameworks */,
				D2EC026E1E4D64C800CF18BB /* Resources */,
			);
			buildRules = (
			);
			dependencies = (
				D2EC02721E4D64C800CF18BB /* PBXTargetDependency */,
			);
			name = "Swift AppUITests";
			productName = "Swift AppUITests";
			productReference = D2EC02701E4D64C800CF18BB /* Swift AppUITests.xctest */;
			productType = "com.apple.product-type.bundle.ui-testing";
		};
/* End PBXNativeTarget section */

/* Begin PBXProject section */
		D2EC02491E4D64C800CF18BB /* Project object */ = {
			isa = PBXProject;
			attributes = {
				LastSwiftUpdateCheck = 0830;
				LastUpgradeCheck = 0830;
				ORGANIZATIONNAME = "Scott Kreiner";
				TargetAttributes = {
					D2EC02501E4D64C800CF18BB = {
						CreatedOnToolsVersion = 8.3;
						ProvisioningStyle = Automatic;
					};
					D2EC02641E4D64C800CF18BB = {
						CreatedOnToolsVersion = 8.3;
						ProvisioningStyle = Automatic;
						TestTargetID = D2EC02501E4D64C800CF18BB;
					};
					D2EC026F1E4D64C800CF18BB = {
						CreatedOnToolsVersion = 8.3;
						ProvisioningStyle = Automatic;
						TestTargetID = D2EC02501E4D64C800CF18BB;
					};
				};
			};
			buildConfigurationList = D2EC024C1E4D64C800CF18BB /* Build configuration list for PBXProject "Swift App" */;
			compatibilityVersion = "Xcode 3.2";
			developmentRegion = English;
			hasScannedForEncodings = 0;
			knownRegions = (
				en,
				Base,
			);
			mainGroup = D2EC02481E4D64C800CF18BB;
			productRefGroup = D2EC02521E4D64C800CF18BB /* Products */;
			projectDirPath = "";
			projectRoot = "";
			targets = (
				D2EC02501E4D64C800CF18BB /* Swift App */,
				D2EC02641E4D64C800CF18BB /* Swift AppTests */,
				D2EC026F1E4D64C800CF18BB /* Swift AppUITests */,
			);
		};
/* End PBXProject section */

/* Begin PBXResourcesBuildPhase section */
		D2EC024F1E4D64C800CF18BB /* Resources */ = {
			isa = PBXResourcesBuildPhase;
			buildActionMask = 2147483647;
			files = (
				D2EC025F1E4D64C800CF18BB /* LaunchScreen.storyboard in Resources */,
				D2EC025C1E4D64C800CF18BB /* Assets.xcassets in Resources */,
				D2EC025A1E4D64C800CF18BB /* Main.storyboard in Resources */,
			);
			runOnlyForDeploymentPostprocessing = 0;
		};
		D2EC02631E4D64C800CF18BB /* Resources */ = {
			isa = PBXResourcesBuildPhase;
			buildActionMask = 2147483647;
			files = (
			);
			runOnlyForDeploymentPostprocessing = 0;
		};
		D2EC026E1E4D64C800CF18BB /* Resources */ = {
			isa = PBXResourcesBuildPhase;
			buildActionMask = 2147483647;
			files = (
			);
			runOnlyForDeploymentPostprocessing = 0;
		};
/* End PBXResourcesBuildPhase section */

/* Begin PBXSourcesBuildPhase section */
		D2EC024D1E4D64C800CF18BB /* Sources */ = {
			isa = PBXSourcesBuildPhase;
			buildActionMask = 2147483647;
			files = (
				D2EC02571E4D64C800CF18BB /* ViewController.swift in Sources */,
				D2EC02551E4D64C800CF18BB /* AppDelegate.swift in Sources */,
			);
			runOnlyForDeploymentPostprocessing = 0;
		};
		D2EC02611E4D64C800CF18BB /* Sources */ = {
			isa = PBXSourcesBuildPhase;
			buildActionMask = 2147483647;
			files = (
				D2EC026A1E4D64C800CF18BB /* Swift_AppTests.swift in Sources */,
			);
			runOnlyForDeploymentPostprocessing = 0;
		};
		D2EC026C1E4D64C800CF18BB /* Sources */ = {
			isa = PBXSourcesBuildPhase;
			buildActionMask = 2147483647;
			files = (
				D2EC02751E4D64C800CF18BB /* Swift_AppUITests.swift in Sources */,
			);
			runOnlyForDeploymentPostprocessing = 0;
		};
/* End PBXSourcesBuildPhase section */

/* Begin PBXTargetDependency section */
		D2EC02671E4D64C800CF18BB /* PBXTargetDependency */ = {
			isa = PBXTargetDependency;
			target = D2EC02501E4D64C800CF18BB /* Swift App */;
			targetProxy = D2EC02661E4D64C800CF18BB /* PBXContainerItemProxy */;
		};
		D2EC02721E4D64C800CF18BB /* PBXTargetDependency */ = {
			isa = PBXTargetDependency;
			target = D2EC02501E4D64C800CF18BB /* Swift App */;
			targetProxy = D2EC02711E4D64C800CF18BB /* PBXContainerItemProxy */;
		};
/* End PBXTargetDependency section */

/* Begin PBXVariantGroup section */
		D2EC02581E4D64C800CF18BB /* Main.storyboard */ = {
			isa = PBXVariantGroup;
			children = (
				D2EC02591E4D64C800CF18BB /* Base */,
			);
			name = Main.storyboard;
			sourceTree = "<group>";
		};
		D2EC025D1E4D64C800CF18BB /* LaunchScreen.storyboard */ = {
			isa = PBXVariantGroup;
			children = (
				D2EC025E1E4D64C800CF18BB /* Base */,
			);
			name = LaunchScreen.storyboard;
			sourceTree = "<group>";
		};
/* End PBXVariantGroup section */

/* Begin XCBuildConfiguration section */
		D2EC02771E4D64C800CF18BB /* Debug */ = {
			isa = XCBuildConfiguration;
			buildSettings = {
				ALWAYS_SEARCH_USER_PATHS = NO;
				CLANG_ANALYZER_NONNULL = YES;
				CLANG_ANALYZER_NUMBER_OBJECT_CONVERSION = YES_AGGRESSIVE;
				CLANG_CXX_LANGUAGE_STANDARD = "gnu++0x";
				CLANG_CXX_LIBRARY = "libc++";
				CLANG_ENABLE_MODULES = YES;
				CLANG_ENABLE_OBJC_ARC = YES;
				CLANG_WARN_BOOL_CONVERSION = YES;
				CLANG_WARN_CONSTANT_CONVERSION = YES;
				CLANG_WARN_DIRECT_OBJC_ISA_USAGE = YES_ERROR;
				CLANG_WARN_DOCUMENTATION_COMMENTS = YES;
				CLANG_WARN_EMPTY_BODY = YES;
				CLANG_WARN_ENUM_CONVERSION = YES;
				CLANG_WARN_INFINITE_RECURSION = YES;
				CLANG_WARN_INT_CONVERSION = YES;
				CLANG_WARN_OBJC_ROOT_CLASS = YES_ERROR;
				CLANG_WARN_SUSPICIOUS_MOVE = YES;
				CLANG_WARN_UNREACHABLE_CODE = YES;
				CLANG_WARN__DUPLICATE_METHOD_MATCH = YES;
				"CODE_SIGN_IDENTITY[sdk=iphoneos*]" = "iPhone Developer";
				COPY_PHASE_STRIP = NO;
				DEBUG_INFORMATION_FORMAT = dwarf;
				ENABLE_STRICT_OBJC_MSGSEND = YES;
				ENABLE_TESTABILITY = YES;
				GCC_C_LANGUAGE_STANDARD = gnu99;
				GCC_DYNAMIC_NO_PIC = NO;
				GCC_NO_COMMON_BLOCKS = YES;
				GCC_OPTIMIZATION_LEVEL = 0;
				GCC_PREPROCESSOR_DEFINITIONS = (
					"DEBUG=1",
					"$(inherited)",
				);
				GCC_WARN_64_TO_32_BIT_CONVERSION = YES;
				GCC_WARN_ABOUT_RETURN_TYPE = YES_ERROR;
				GCC_WARN_UNDECLARED_SELECTOR = YES;
				GCC_WARN_UNINITIALIZED_AUTOS = YES_AGGRESSIVE;
				GCC_WARN_UNUSED_FUNCTION = YES;
				GCC_WARN_UNUSED_VARIABLE = YES;
				IPHONEOS_DEPLOYMENT_TARGET = 10.3;
				MTL_ENABLE_DEBUG_INFO = YES;
				ONLY_ACTIVE_ARCH = YES;
				SDKROOT = iphoneos;
				SWIFT_ACTIVE_COMPILATION_CONDITIONS = DEBUG;
				SWIFT_OPTIMIZATION_LEVEL = "-Onone";
				TARGETED_DEVICE_FAMILY = "1,2";
			};
			name = Debug;
		};
		D2EC02781E4D64C800CF18BB /* Release */ = {
			isa = XCBuildConfiguration;
			buildSettings = {
				ALWAYS_SEARCH_USER_PATHS = NO;
				CLANG_ANALYZER_NONNULL = YES;
				CLANG_ANALYZER_NUMBER_OBJECT_CONVERSION = YES_AGGRESSIVE;
				CLANG_CXX_LANGUAGE_STANDARD = "gnu++0x";
				CLANG_CXX_LIBRARY = "libc++";
				CLANG_ENABLE_MODULES = YES;
				CLANG_ENABLE_OBJC_ARC = YES;
				CLANG_WARN_BOOL_CONVERSION = YES;
				CLANG_WARN_CONSTANT_CONVERSION = YES;
				CLANG_WARN_DIRECT_OBJC_ISA_USAGE = YES_ERROR;
				CLANG_WARN_DOCUMENTATION_COMMENTS = YES;
				CLANG_WARN_EMPTY_BODY = YES;
				CLANG_WARN_ENUM_CONVERSION = YES;
				CLANG_WARN_INFINITE_RECURSION = YES;
				CLANG_WARN_INT_CONVERSION = YES;
				CLANG_WARN_OBJC_ROOT_CLASS = YES_ERROR;
				CLANG_WARN_SUSPICIOUS_MOVE = YES;
				CLANG_WARN_UNREACHABLE_CODE = YES;
				CLANG_WARN__DUPLICATE_METHOD_MATCH = YES;
				"CODE_SIGN_IDENTITY[sdk=iphoneos*]" = "iPhone Developer";
				COPY_PHASE_STRIP = NO;
				DEBUG_INFORMATION_FORMAT = "dwarf-with-dsym";
				ENABLE_NS_ASSERTIONS = NO;
				ENABLE_STRICT_OBJC_MSGSEND = YES;
				GCC_C_LANGUAGE_STANDARD = gnu99;
				GCC_NO_COMMON_BLOCKS = YES;
				GCC_WARN_64_TO_32_BIT_CONVERSION = YES;
				GCC_WARN_ABOUT_RETURN_TYPE = YES_ERROR;
				GCC_WARN_UNDECLARED_SELECTOR = YES;
				GCC_WARN_UNINITIALIZED_AUTOS = YES_AGGRESSIVE;
				GCC_WARN_UNUSED_FUNCTION = YES;
				GCC_WARN_UNUSED_VARIABLE = YES;
				IPHONEOS_DEPLOYMENT_TARGET = 10.3;
				MTL_ENABLE_DEBUG_INFO = NO;
				SDKROOT = iphoneos;
				SWIFT_OPTIMIZATION_LEVEL = "-Owholemodule";
				TARGETED_DEVICE_FAMILY = "1,2";
				VALIDATE_PRODUCT = YES;
			};
			name = Release;
		};
		D2EC027A1E4D64C800CF18BB /* Debug */ = {
			isa = XCBuildConfiguration;
			buildSettings = {
				ASSETCATALOG_COMPILER_APPICON_NAME = AppIcon;
				INFOPLIST_FILE = "Swift App/Info.plist";
				LD_RUNPATH_SEARCH_PATHS = "$(inherited) @executable_path/Frameworks";
				PRODUCT_BUNDLE_IDENTIFIER = "com.K-app.Swift-App";
				PRODUCT_NAME = "$(TARGET_NAME)";
				SWIFT_VERSION = 3.0;
			};
			name = Debug;
		};
		D2EC027B1E4D64C800CF18BB /* Release */ = {
			isa = XCBuildConfiguration;
			buildSettings = {
				ASSETCATALOG_COMPILER_APPICON_NAME = AppIcon;
				INFOPLIST_FILE = "Swift App/Info.plist";
				LD_RUNPATH_SEARCH_PATHS = "$(inherited) @executable_path/Frameworks";
				PRODUCT_BUNDLE_IDENTIFIER = "com.K-app.Swift-App";
				PRODUCT_NAME = "$(TARGET_NAME)";
				SWIFT_VERSION = 3.0;
			};
			name = Release;
		};
		D2EC027D1E4D64C800CF18BB /* Debug */ = {
			isa = XCBuildConfiguration;
			buildSettings = {
				ALWAYS_EMBED_SWIFT_STANDARD_LIBRARIES = YES;
				BUNDLE_LOADER = "$(TEST_HOST)";
				INFOPLIST_FILE = "Swift AppTests/Info.plist";
				LD_RUNPATH_SEARCH_PATHS = "$(inherited) @executable_path/Frameworks @loader_path/Frameworks";
				PRODUCT_BUNDLE_IDENTIFIER = "com.K-app.Swift-AppTests";
				PRODUCT_NAME = "$(TARGET_NAME)";
				SWIFT_VERSION = 3.0;
				TEST_HOST = "$(BUILT_PRODUCTS_DIR)/Swift App.app/Swift App";
			};
			name = Debug;
		};
		D2EC027E1E4D64C800CF18BB /* Release */ = {
			isa = XCBuildConfiguration;
			buildSettings = {
				ALWAYS_EMBED_SWIFT_STANDARD_LIBRARIES = YES;
				BUNDLE_LOADER = "$(TEST_HOST)";
				INFOPLIST_FILE = "Swift AppTests/Info.plist";
				LD_RUNPATH_SEARCH_PATHS = "$(inherited) @executable_path/Frameworks @loader_path/Frameworks";
				PRODUCT_BUNDLE_IDENTIFIER = "com.K-app.Swift-AppTests";
				PRODUCT_NAME = "$(TARGET_NAME)";
				SWIFT_VERSION = 3.0;
				TEST_HOST = "$(BUILT_PRODUCTS_DIR)/Swift App.app/Swift App";
			};
			name = Release;
		};
		D2EC02801E4D64C800CF18BB /* Debug */ = {
			isa = XCBuildConfiguration;
			buildSettings = {
				ALWAYS_EMBED_SWIFT_STANDARD_LIBRARIES = YES;
				INFOPLIST_FILE = "Swift AppUITests/Info.plist";
				LD_RUNPATH_SEARCH_PATHS = "$(inherited) @executable_path/Frameworks @loader_path/Frameworks";
				PRODUCT_BUNDLE_IDENTIFIER = "com.K-app.Swift-AppUITests";
				PRODUCT_NAME = "$(TARGET_NAME)";
				SWIFT_VERSION = 3.0;
				TEST_TARGET_NAME = "Swift App";
			};
			name = Debug;
		};
		D2EC02811E4D64C800CF18BB /* Release */ = {
			isa = XCBuildConfiguration;
			buildSettings = {
				ALWAYS_EMBED_SWIFT_STANDARD_LIBRARIES = YES;
				INFOPLIST_FILE = "Swift AppUITests/Info.plist";
				LD_RUNPATH_SEARCH_PATHS = "$(inherited) @executable_path/Frameworks @loader_path/Frameworks";
				PRODUCT_BUNDLE_IDENTIFIER = "com.K-app.Swift-AppUITests";
				PRODUCT_NAME = "$(TARGET_NAME)";
				SWIFT_VERSION = 3.0;
				TEST_TARGET_NAME = "Swift App";
			};
			name = Release;
		};
/* End XCBuildConfiguration section */

/* Begin XCConfigurationList section */
		D2EC024C1E4D64C800CF18BB /* Build configuration list for PBXProject "Swift App" */ = {
			isa = XCConfigurationList;
			buildConfigurations = (
				D2EC02771E4D64C800CF18BB /* Debug */,
				D2EC02781E4D64C800CF18BB /* Release */,
			);
			defaultConfigurationIsVisible = 0;
			defaultConfigurationName = Release;
		};
		D2EC02791E4D64C800CF18BB /* Build configuration list for PBXNativeTarget "Swift App" */ = {
			isa = XCConfigurationList;
			buildConfigurations = (
				D2EC027A1E4D64C800CF18BB /* Debug */,
				D2EC027B1E4D64C800CF18BB /* Release */,
			);
			defaultConfigurationIsVisible = 0;
		};
		D2EC027C1E4D64C800CF18BB /* Build configuration list for PBXNativeTarget "Swift AppTests" */ = {
			isa = XCConfigurationList;
			buildConfigurations = (
				D2EC027D1E4D64C800CF18BB /* Debug */,
				D2EC027E1E4D64C800CF18BB /* Release */,
			);
			defaultConfigurationIsVisible = 0;
		};
		D2EC027F1E4D64C800CF18BB /* Build configuration list for PBXNativeTarget "Swift AppUITests" */ = {
			isa = XCConfigurationList;
			buildConfigurations = (
				D2EC02801E4D64C800CF18BB /* Debug */,
				D2EC02811E4D64C800CF18BB /* Release */,
			);
			defaultConfigurationIsVisible = 0;
		};
/* End XCConfigurationList section */
	};
	rootObject = D2EC02491E4D64C800CF18BB /* Project object */;
}
